// !$*UTF8*$!
{
	archiveVersion = 1;
	classes = {
	};
	objectVersion = 56;
	objects = {

/* Begin PBXBuildFile section */
		7E2222082BE2543100D27EBD /* AppDelegate.swift in Sources */ = {isa = PBXBuildFile; fileRef = 7E2222072BE2543100D27EBD /* AppDelegate.swift */; };
		7E2222162BE255E800D27EBD /* GoogleSignIn in Frameworks */ = {isa = PBXBuildFile; productRef = 7E2222152BE255E800D27EBD /* GoogleSignIn */; };
		7E2222182BE255E800D27EBD /* GoogleSignInSwift in Frameworks */ = {isa = PBXBuildFile; productRef = 7E2222172BE255E800D27EBD /* GoogleSignInSwift */; };
		7E22221D2BE2677000D27EBD /* SignInApplication.swift in Sources */ = {isa = PBXBuildFile; fileRef = 7E22221C2BE2677000D27EBD /* SignInApplication.swift */; };
		7E22221F2BE2688400D27EBD /* RegistrationViewModel.swift in Sources */ = {isa = PBXBuildFile; fileRef = 7E22221E2BE2688400D27EBD /* RegistrationViewModel.swift */; };
		7E2222222BE268CB00D27EBD /* RegistrationViewModelProtocol.swift in Sources */ = {isa = PBXBuildFile; fileRef = 7E2222212BE268CB00D27EBD /* RegistrationViewModelProtocol.swift */; };
		7E2222252BE26B0200D27EBD /* UIConstants.swift in Sources */ = {isa = PBXBuildFile; fileRef = 7E2222242BE26B0200D27EBD /* UIConstants.swift */; };
		7E2222282BE26F7000D27EBD /* FirebaseAnalytics in Frameworks */ = {isa = PBXBuildFile; productRef = 7E2222272BE26F7000D27EBD /* FirebaseAnalytics */; };
		7E22222A2BE26F7000D27EBD /* FirebaseAnalyticsOnDeviceConversion in Frameworks */ = {isa = PBXBuildFile; productRef = 7E2222292BE26F7000D27EBD /* FirebaseAnalyticsOnDeviceConversion */; };
		7E22222C2BE26F7000D27EBD /* FirebaseAnalyticsSwift in Frameworks */ = {isa = PBXBuildFile; productRef = 7E22222B2BE26F7000D27EBD /* FirebaseAnalyticsSwift */; };
		7E22222E2BE26F7000D27EBD /* FirebaseAnalyticsWithoutAdIdSupport in Frameworks */ = {isa = PBXBuildFile; productRef = 7E22222D2BE26F7000D27EBD /* FirebaseAnalyticsWithoutAdIdSupport */; };
		7E2222302BE26F7000D27EBD /* FirebaseAppCheck in Frameworks */ = {isa = PBXBuildFile; productRef = 7E22222F2BE26F7000D27EBD /* FirebaseAppCheck */; };
		7E2222322BE26F7000D27EBD /* FirebaseAppDistribution-Beta in Frameworks */ = {isa = PBXBuildFile; productRef = 7E2222312BE26F7000D27EBD /* FirebaseAppDistribution-Beta */; };
		7E2222342BE26F7000D27EBD /* FirebaseAuth in Frameworks */ = {isa = PBXBuildFile; productRef = 7E2222332BE26F7000D27EBD /* FirebaseAuth */; };
		7E2222362BE26F7000D27EBD /* FirebaseAuthCombine-Community in Frameworks */ = {isa = PBXBuildFile; productRef = 7E2222352BE26F7000D27EBD /* FirebaseAuthCombine-Community */; };
		7E2222382BE26F7000D27EBD /* FirebaseCrashlytics in Frameworks */ = {isa = PBXBuildFile; productRef = 7E2222372BE26F7000D27EBD /* FirebaseCrashlytics */; };
		7E22223A2BE26F7000D27EBD /* FirebaseDatabase in Frameworks */ = {isa = PBXBuildFile; productRef = 7E2222392BE26F7000D27EBD /* FirebaseDatabase */; };
		7E22223C2BE2724C00D27EBD /* GoogleService-Info.plist in Resources */ = {isa = PBXBuildFile; fileRef = 7E22223B2BE2724C00D27EBD /* GoogleService-Info.plist */; };
		7E22223E2BE2763E00D27EBD /* GoogleSignInButton.swift in Sources */ = {isa = PBXBuildFile; fileRef = 7E22223D2BE2763E00D27EBD /* GoogleSignInButton.swift */; };
		7E2222422BE27E7C00D27EBD /* Localizable.strings in Resources */ = {isa = PBXBuildFile; fileRef = 7E2222442BE27E7C00D27EBD /* Localizable.strings */; };
		7E2222482BE27F3100D27EBD /* Strings+Generated.swift in Sources */ = {isa = PBXBuildFile; fileRef = 7E2222472BE27F3100D27EBD /* Strings+Generated.swift */; };
		7E22224A2BE2A7B700D27EBD /* Resources.swift in Sources */ = {isa = PBXBuildFile; fileRef = 7E2222492BE2A7B700D27EBD /* Resources.swift */; };
		7E22224C2BE2A84500D27EBD /* Font + Extension.swift in Sources */ = {isa = PBXBuildFile; fileRef = 7E22224B2BE2A84500D27EBD /* Font + Extension.swift */; };
		7E3E9E362BE2B51C003BE33E /* AuthorizationService.swift in Sources */ = {isa = PBXBuildFile; fileRef = 7E3E9E352BE2B51C003BE33E /* AuthorizationService.swift */; };
		7E3E9E392BE2B54F003BE33E /* AuthorizationServiceProtocol.swift in Sources */ = {isa = PBXBuildFile; fileRef = 7E3E9E382BE2B54F003BE33E /* AuthorizationServiceProtocol.swift */; };
		7E3E9E3C2BE36C71003BE33E /* UserDTO.swift in Sources */ = {isa = PBXBuildFile; fileRef = 7E3E9E3B2BE36C71003BE33E /* UserDTO.swift */; };
		7E3E9E3F2BE373AC003BE33E /* AuthorizationView.swift in Sources */ = {isa = PBXBuildFile; fileRef = 7E3E9E3E2BE373AC003BE33E /* AuthorizationView.swift */; };
		7E3E9E412BE373DB003BE33E /* AuthorizationViewModel.swift in Sources */ = {isa = PBXBuildFile; fileRef = 7E3E9E402BE373DB003BE33E /* AuthorizationViewModel.swift */; };
		7E3E9E442BE37CCF003BE33E /* ClearButtonModifier.swift in Sources */ = {isa = PBXBuildFile; fileRef = 7E3E9E432BE37CCF003BE33E /* ClearButtonModifier.swift */; };
		7E3E9E472BE38258003BE33E /* MainRouter.swift in Sources */ = {isa = PBXBuildFile; fileRef = 7E3E9E462BE38258003BE33E /* MainRouter.swift */; };
		7E3E9E4A2BE38D26003BE33E /* ImageEditorView.swift in Sources */ = {isa = PBXBuildFile; fileRef = 7E3E9E492BE38D26003BE33E /* ImageEditorView.swift */; };
		7E3E9E502BE39BD9003BE33E /* LoaderView.swift in Sources */ = {isa = PBXBuildFile; fileRef = 7E3E9E4F2BE39BD9003BE33E /* LoaderView.swift */; };
		7E3E9E532BE3A7A5003BE33E /* AuthorizationViewModelProtocol.swift in Sources */ = {isa = PBXBuildFile; fileRef = 7E3E9E522BE3A7A5003BE33E /* AuthorizationViewModelProtocol.swift */; };
		7E3E9E572BE3AD4F003BE33E /* PasswordResetView.swift in Sources */ = {isa = PBXBuildFile; fileRef = 7E3E9E562BE3AD4F003BE33E /* PasswordResetView.swift */; };
		7E3E9E592BE3AE06003BE33E /* PasswordResetViewModel.swift in Sources */ = {isa = PBXBuildFile; fileRef = 7E3E9E582BE3AE06003BE33E /* PasswordResetViewModel.swift */; };
		7E3E9E5E2BE3AE47003BE33E /* PasswordResetViewModelProtocol.swift in Sources */ = {isa = PBXBuildFile; fileRef = 7E3E9E5D2BE3AE47003BE33E /* PasswordResetViewModelProtocol.swift */; };
		7E3E9E602BE3F33C003BE33E /* ImageEditorViewModel.swift in Sources */ = {isa = PBXBuildFile; fileRef = 7E3E9E5F2BE3F33C003BE33E /* ImageEditorViewModel.swift */; };
		7E3E9E632BE40C7A003BE33E /* ImageEditorViewModelProtocol.swift in Sources */ = {isa = PBXBuildFile; fileRef = 7E3E9E622BE40C7A003BE33E /* ImageEditorViewModelProtocol.swift */; };
		7E3E9E672BE41714003BE33E /* AccessCameraView.swift in Sources */ = {isa = PBXBuildFile; fileRef = 7E3E9E662BE41714003BE33E /* AccessCameraView.swift */; };
		7E3E9E6A2BE41847003BE33E /* ImagePickerCoordinator.swift in Sources */ = {isa = PBXBuildFile; fileRef = 7E3E9E692BE41847003BE33E /* ImagePickerCoordinator.swift */; };
		7E3E9E6E2BE42051003BE33E /* KeyChainStorage.swift in Sources */ = {isa = PBXBuildFile; fileRef = 7E3E9E6D2BE42051003BE33E /* KeyChainStorage.swift */; };
		7E3E9E712BE4208F003BE33E /* KeychainAccess in Frameworks */ = {isa = PBXBuildFile; productRef = 7E3E9E702BE4208F003BE33E /* KeychainAccess */; };
		7E3E9E742BE4AD28003BE33E /* SplashScreenView.swift in Sources */ = {isa = PBXBuildFile; fileRef = 7E3E9E732BE4AD28003BE33E /* SplashScreenView.swift */; };
		7E3E9E762BE4AE84003BE33E /* SplashScreenViewModel.swift in Sources */ = {isa = PBXBuildFile; fileRef = 7E3E9E752BE4AE84003BE33E /* SplashScreenViewModel.swift */; };
		7E3E9E792BE4AEA1003BE33E /* SplashScreenViewModelProtocol.swift in Sources */ = {isa = PBXBuildFile; fileRef = 7E3E9E782BE4AEA1003BE33E /* SplashScreenViewModelProtocol.swift */; };
		7E3E9E7D2BE4BC38003BE33E /* Launch Screen.storyboard in Resources */ = {isa = PBXBuildFile; fileRef = 7E3E9E7C2BE4BC38003BE33E /* Launch Screen.storyboard */; };
		7E4919EE2BE22FEB00829B61 /* AuthorizationTestApp.swift in Sources */ = {isa = PBXBuildFile; fileRef = 7E4919ED2BE22FEB00829B61 /* AuthorizationTestApp.swift */; };
		7E4919F22BE22FED00829B61 /* Assets.xcassets in Resources */ = {isa = PBXBuildFile; fileRef = 7E4919F12BE22FED00829B61 /* Assets.xcassets */; };
		7E4919F52BE22FED00829B61 /* Preview Assets.xcassets in Resources */ = {isa = PBXBuildFile; fileRef = 7E4919F42BE22FED00829B61 /* Preview Assets.xcassets */; };
		7E4919FE2BE2300E00829B61 /* RegistrationView.swift in Sources */ = {isa = PBXBuildFile; fileRef = 7E4919FD2BE2300E00829B61 /* RegistrationView.swift */; };
		7E491A052BE234AF00829B61 /* InputTextField.swift in Sources */ = {isa = PBXBuildFile; fileRef = 7E491A042BE234AF00829B61 /* InputTextField.swift */; };
		7E491A072BE23EFA00829B61 /* ClueTextView.swift in Sources */ = {isa = PBXBuildFile; fileRef = 7E491A062BE23EFA00829B61 /* ClueTextView.swift */; };
		7E491A0A2BE245D200829B61 /* BaseButtonView.swift in Sources */ = {isa = PBXBuildFile; fileRef = 7E491A092BE245D200829B61 /* BaseButtonView.swift */; };
		7E4B1D5E2BE4C6A6005E5113 /* ScrollableImageView.swift in Sources */ = {isa = PBXBuildFile; fileRef = 7E4B1D5D2BE4C6A6005E5113 /* ScrollableImageView.swift */; };
		7E4B1D602BE4C9F0005E5113 /* ImageEditorToolbarGroupView.swift in Sources */ = {isa = PBXBuildFile; fileRef = 7E4B1D5F2BE4C9F0005E5113 /* ImageEditorToolbarGroupView.swift */; };
		7E4B1D642BE4F395005E5113 /* ImageDrawingView.swift in Sources */ = {isa = PBXBuildFile; fileRef = 7E4B1D632BE4F395005E5113 /* ImageDrawingView.swift */; };
		7E4B1D672BE4F3E6005E5113 /* DrawingViewRepresentable.swift in Sources */ = {isa = PBXBuildFile; fileRef = 7E4B1D662BE4F3E6005E5113 /* DrawingViewRepresentable.swift */; };
		7E4B1D692BE50E12005E5113 /* DrawingToolsView.swift in Sources */ = {isa = PBXBuildFile; fileRef = 7E4B1D682BE50E12005E5113 /* DrawingToolsView.swift */; };
		7E4B1D6B2BE525C5005E5113 /* TextBox.swift in Sources */ = {isa = PBXBuildFile; fileRef = 7E4B1D6A2BE525C5005E5113 /* TextBox.swift */; };
		7E4B1D6D2BE53D51005E5113 /* ImageDrawingViewModel.swift in Sources */ = {isa = PBXBuildFile; fileRef = 7E4B1D6C2BE53D51005E5113 /* ImageDrawingViewModel.swift */; };
		7E4B1D702BE53D88005E5113 /* ImageDrawingViewModelProtocol.swift in Sources */ = {isa = PBXBuildFile; fileRef = 7E4B1D6F2BE53D88005E5113 /* ImageDrawingViewModelProtocol.swift */; };
		7E4B1D722BE54376005E5113 /* TextAdditionalView.swift in Sources */ = {isa = PBXBuildFile; fileRef = 7E4B1D712BE54376005E5113 /* TextAdditionalView.swift */; };
		7E4B1D742BE6251C005E5113 /* TextBoxView.swift in Sources */ = {isa = PBXBuildFile; fileRef = 7E4B1D732BE6251C005E5113 /* TextBoxView.swift */; };
		7E4B1D762BE62ADE005E5113 /* DrawingTextPanelView.swift in Sources */ = {isa = PBXBuildFile; fileRef = 7E4B1D752BE62ADE005E5113 /* DrawingTextPanelView.swift */; };
		7E4B1D782BE63B29005E5113 /* Errors.swift in Sources */ = {isa = PBXBuildFile; fileRef = 7E4B1D772BE63B29005E5113 /* Errors.swift */; };
		7E4B1D7A2BE6487E005E5113 /* UIImage + Extension.swift in Sources */ = {isa = PBXBuildFile; fileRef = 7E4B1D792BE6487E005E5113 /* UIImage + Extension.swift */; };
/* End PBXBuildFile section */

/* Begin PBXFileReference section */
		7E2222072BE2543100D27EBD /* AppDelegate.swift */ = {isa = PBXFileReference; lastKnownFileType = sourcecode.swift; path = AppDelegate.swift; sourceTree = "<group>"; };
		7E22221B2BE2587F00D27EBD /* Info.plist */ = {isa = PBXFileReference; lastKnownFileType = text.plist.xml; path = Info.plist; sourceTree = "<group>"; };
		7E22221C2BE2677000D27EBD /* SignInApplication.swift */ = {isa = PBXFileReference; lastKnownFileType = sourcecode.swift; path = SignInApplication.swift; sourceTree = "<group>"; };
		7E22221E2BE2688400D27EBD /* RegistrationViewModel.swift */ = {isa = PBXFileReference; lastKnownFileType = sourcecode.swift; path = RegistrationViewModel.swift; sourceTree = "<group>"; };
		7E2222212BE268CB00D27EBD /* RegistrationViewModelProtocol.swift */ = {isa = PBXFileReference; lastKnownFileType = sourcecode.swift; path = RegistrationViewModelProtocol.swift; sourceTree = "<group>"; };
		7E2222242BE26B0200D27EBD /* UIConstants.swift */ = {isa = PBXFileReference; lastKnownFileType = sourcecode.swift; path = UIConstants.swift; sourceTree = "<group>"; };
		7E22223B2BE2724C00D27EBD /* GoogleService-Info.plist */ = {isa = PBXFileReference; fileEncoding = 4; lastKnownFileType = text.plist.xml; path = "GoogleService-Info.plist"; sourceTree = "<group>"; };
		7E22223D2BE2763E00D27EBD /* GoogleSignInButton.swift */ = {isa = PBXFileReference; lastKnownFileType = sourcecode.swift; path = GoogleSignInButton.swift; sourceTree = "<group>"; };
		7E2222432BE27E7C00D27EBD /* ru */ = {isa = PBXFileReference; lastKnownFileType = text.plist.strings; name = ru; path = ru.lproj/Localizable.strings; sourceTree = "<group>"; };
		7E2222452BE27E7E00D27EBD /* en */ = {isa = PBXFileReference; lastKnownFileType = text.plist.strings; name = en; path = en.lproj/Localizable.strings; sourceTree = "<group>"; };
		7E2222472BE27F3100D27EBD /* Strings+Generated.swift */ = {isa = PBXFileReference; fileEncoding = 4; lastKnownFileType = sourcecode.swift; path = "Strings+Generated.swift"; sourceTree = "<group>"; };
		7E2222492BE2A7B700D27EBD /* Resources.swift */ = {isa = PBXFileReference; lastKnownFileType = sourcecode.swift; path = Resources.swift; sourceTree = "<group>"; };
		7E22224B2BE2A84500D27EBD /* Font + Extension.swift */ = {isa = PBXFileReference; lastKnownFileType = sourcecode.swift; path = "Font + Extension.swift"; sourceTree = "<group>"; };
		7E3E9E352BE2B51C003BE33E /* AuthorizationService.swift */ = {isa = PBXFileReference; lastKnownFileType = sourcecode.swift; path = AuthorizationService.swift; sourceTree = "<group>"; };
		7E3E9E382BE2B54F003BE33E /* AuthorizationServiceProtocol.swift */ = {isa = PBXFileReference; lastKnownFileType = sourcecode.swift; path = AuthorizationServiceProtocol.swift; sourceTree = "<group>"; };
		7E3E9E3B2BE36C71003BE33E /* UserDTO.swift */ = {isa = PBXFileReference; lastKnownFileType = sourcecode.swift; path = UserDTO.swift; sourceTree = "<group>"; };
		7E3E9E3E2BE373AC003BE33E /* AuthorizationView.swift */ = {isa = PBXFileReference; lastKnownFileType = sourcecode.swift; path = AuthorizationView.swift; sourceTree = "<group>"; };
		7E3E9E402BE373DB003BE33E /* AuthorizationViewModel.swift */ = {isa = PBXFileReference; lastKnownFileType = sourcecode.swift; path = AuthorizationViewModel.swift; sourceTree = "<group>"; };
		7E3E9E432BE37CCF003BE33E /* ClearButtonModifier.swift */ = {isa = PBXFileReference; lastKnownFileType = sourcecode.swift; path = ClearButtonModifier.swift; sourceTree = "<group>"; };
		7E3E9E462BE38258003BE33E /* MainRouter.swift */ = {isa = PBXFileReference; lastKnownFileType = sourcecode.swift; path = MainRouter.swift; sourceTree = "<group>"; };
		7E3E9E492BE38D26003BE33E /* ImageEditorView.swift */ = {isa = PBXFileReference; lastKnownFileType = sourcecode.swift; path = ImageEditorView.swift; sourceTree = "<group>"; };
		7E3E9E4F2BE39BD9003BE33E /* LoaderView.swift */ = {isa = PBXFileReference; lastKnownFileType = sourcecode.swift; path = LoaderView.swift; sourceTree = "<group>"; };
		7E3E9E522BE3A7A5003BE33E /* AuthorizationViewModelProtocol.swift */ = {isa = PBXFileReference; lastKnownFileType = sourcecode.swift; path = AuthorizationViewModelProtocol.swift; sourceTree = "<group>"; };
		7E3E9E562BE3AD4F003BE33E /* PasswordResetView.swift */ = {isa = PBXFileReference; lastKnownFileType = sourcecode.swift; path = PasswordResetView.swift; sourceTree = "<group>"; };
		7E3E9E582BE3AE06003BE33E /* PasswordResetViewModel.swift */ = {isa = PBXFileReference; lastKnownFileType = sourcecode.swift; path = PasswordResetViewModel.swift; sourceTree = "<group>"; };
		7E3E9E5D2BE3AE47003BE33E /* PasswordResetViewModelProtocol.swift */ = {isa = PBXFileReference; lastKnownFileType = sourcecode.swift; path = PasswordResetViewModelProtocol.swift; sourceTree = "<group>"; };
		7E3E9E5F2BE3F33C003BE33E /* ImageEditorViewModel.swift */ = {isa = PBXFileReference; lastKnownFileType = sourcecode.swift; path = ImageEditorViewModel.swift; sourceTree = "<group>"; };
		7E3E9E622BE40C7A003BE33E /* ImageEditorViewModelProtocol.swift */ = {isa = PBXFileReference; lastKnownFileType = sourcecode.swift; path = ImageEditorViewModelProtocol.swift; sourceTree = "<group>"; };
		7E3E9E662BE41714003BE33E /* AccessCameraView.swift */ = {isa = PBXFileReference; lastKnownFileType = sourcecode.swift; path = AccessCameraView.swift; sourceTree = "<group>"; };
		7E3E9E692BE41847003BE33E /* ImagePickerCoordinator.swift */ = {isa = PBXFileReference; lastKnownFileType = sourcecode.swift; path = ImagePickerCoordinator.swift; sourceTree = "<group>"; };
		7E3E9E6D2BE42051003BE33E /* KeyChainStorage.swift */ = {isa = PBXFileReference; lastKnownFileType = sourcecode.swift; path = KeyChainStorage.swift; sourceTree = "<group>"; };
		7E3E9E732BE4AD28003BE33E /* SplashScreenView.swift */ = {isa = PBXFileReference; lastKnownFileType = sourcecode.swift; path = SplashScreenView.swift; sourceTree = "<group>"; };
		7E3E9E752BE4AE84003BE33E /* SplashScreenViewModel.swift */ = {isa = PBXFileReference; lastKnownFileType = sourcecode.swift; path = SplashScreenViewModel.swift; sourceTree = "<group>"; };
		7E3E9E782BE4AEA1003BE33E /* SplashScreenViewModelProtocol.swift */ = {isa = PBXFileReference; lastKnownFileType = sourcecode.swift; path = SplashScreenViewModelProtocol.swift; sourceTree = "<group>"; };
		7E3E9E7C2BE4BC38003BE33E /* Launch Screen.storyboard */ = {isa = PBXFileReference; lastKnownFileType = file.storyboard; path = "Launch Screen.storyboard"; sourceTree = "<group>"; };
		7E4919EA2BE22FEB00829B61 /* AuthorizationTest.app */ = {isa = PBXFileReference; explicitFileType = wrapper.application; includeInIndex = 0; path = AuthorizationTest.app; sourceTree = BUILT_PRODUCTS_DIR; };
		7E4919ED2BE22FEB00829B61 /* AuthorizationTestApp.swift */ = {isa = PBXFileReference; lastKnownFileType = sourcecode.swift; path = AuthorizationTestApp.swift; sourceTree = "<group>"; };
		7E4919F12BE22FED00829B61 /* Assets.xcassets */ = {isa = PBXFileReference; lastKnownFileType = folder.assetcatalog; path = Assets.xcassets; sourceTree = "<group>"; };
		7E4919F42BE22FED00829B61 /* Preview Assets.xcassets */ = {isa = PBXFileReference; lastKnownFileType = folder.assetcatalog; path = "Preview Assets.xcassets"; sourceTree = "<group>"; };
		7E4919FD2BE2300E00829B61 /* RegistrationView.swift */ = {isa = PBXFileReference; lastKnownFileType = sourcecode.swift; path = RegistrationView.swift; sourceTree = "<group>"; };
		7E491A042BE234AF00829B61 /* InputTextField.swift */ = {isa = PBXFileReference; lastKnownFileType = sourcecode.swift; path = InputTextField.swift; sourceTree = "<group>"; };
		7E491A062BE23EFA00829B61 /* ClueTextView.swift */ = {isa = PBXFileReference; lastKnownFileType = sourcecode.swift; path = ClueTextView.swift; sourceTree = "<group>"; };
		7E491A092BE245D200829B61 /* BaseButtonView.swift */ = {isa = PBXFileReference; lastKnownFileType = sourcecode.swift; path = BaseButtonView.swift; sourceTree = "<group>"; };
		7E4B1D5D2BE4C6A6005E5113 /* ScrollableImageView.swift */ = {isa = PBXFileReference; lastKnownFileType = sourcecode.swift; path = ScrollableImageView.swift; sourceTree = "<group>"; };
		7E4B1D5F2BE4C9F0005E5113 /* ImageEditorToolbarGroupView.swift */ = {isa = PBXFileReference; lastKnownFileType = sourcecode.swift; path = ImageEditorToolbarGroupView.swift; sourceTree = "<group>"; };
		7E4B1D632BE4F395005E5113 /* ImageDrawingView.swift */ = {isa = PBXFileReference; lastKnownFileType = sourcecode.swift; path = ImageDrawingView.swift; sourceTree = "<group>"; };
		7E4B1D662BE4F3E6005E5113 /* DrawingViewRepresentable.swift */ = {isa = PBXFileReference; lastKnownFileType = sourcecode.swift; path = DrawingViewRepresentable.swift; sourceTree = "<group>"; };
		7E4B1D682BE50E12005E5113 /* DrawingToolsView.swift */ = {isa = PBXFileReference; lastKnownFileType = sourcecode.swift; path = DrawingToolsView.swift; sourceTree = "<group>"; };
		7E4B1D6A2BE525C5005E5113 /* TextBox.swift */ = {isa = PBXFileReference; lastKnownFileType = sourcecode.swift; path = TextBox.swift; sourceTree = "<group>"; };
		7E4B1D6C2BE53D51005E5113 /* ImageDrawingViewModel.swift */ = {isa = PBXFileReference; lastKnownFileType = sourcecode.swift; path = ImageDrawingViewModel.swift; sourceTree = "<group>"; };
		7E4B1D6F2BE53D88005E5113 /* ImageDrawingViewModelProtocol.swift */ = {isa = PBXFileReference; lastKnownFileType = sourcecode.swift; path = ImageDrawingViewModelProtocol.swift; sourceTree = "<group>"; };
		7E4B1D712BE54376005E5113 /* TextAdditionalView.swift */ = {isa = PBXFileReference; lastKnownFileType = sourcecode.swift; path = TextAdditionalView.swift; sourceTree = "<group>"; };
		7E4B1D732BE6251C005E5113 /* TextBoxView.swift */ = {isa = PBXFileReference; lastKnownFileType = sourcecode.swift; path = TextBoxView.swift; sourceTree = "<group>"; };
		7E4B1D752BE62ADE005E5113 /* DrawingTextPanelView.swift */ = {isa = PBXFileReference; lastKnownFileType = sourcecode.swift; path = DrawingTextPanelView.swift; sourceTree = "<group>"; };
		7E4B1D772BE63B29005E5113 /* Errors.swift */ = {isa = PBXFileReference; lastKnownFileType = sourcecode.swift; path = Errors.swift; sourceTree = "<group>"; };
		7E4B1D792BE6487E005E5113 /* UIImage + Extension.swift */ = {isa = PBXFileReference; lastKnownFileType = sourcecode.swift; path = "UIImage + Extension.swift"; sourceTree = "<group>"; };
/* End PBXFileReference section */

/* Begin PBXFrameworksBuildPhase section */
		7E4919E72BE22FEB00829B61 /* Frameworks */ = {
			isa = PBXFrameworksBuildPhase;
			buildActionMask = 2147483647;
			files = (
				7E2222182BE255E800D27EBD /* GoogleSignInSwift in Frameworks */,
				7E22222E2BE26F7000D27EBD /* FirebaseAnalyticsWithoutAdIdSupport in Frameworks */,
				7E2222162BE255E800D27EBD /* GoogleSignIn in Frameworks */,
				7E2222282BE26F7000D27EBD /* FirebaseAnalytics in Frameworks */,
				7E2222342BE26F7000D27EBD /* FirebaseAuth in Frameworks */,
				7E3E9E712BE4208F003BE33E /* KeychainAccess in Frameworks */,
				7E2222382BE26F7000D27EBD /* FirebaseCrashlytics in Frameworks */,
				7E22223A2BE26F7000D27EBD /* FirebaseDatabase in Frameworks */,
				7E2222302BE26F7000D27EBD /* FirebaseAppCheck in Frameworks */,
				7E22222A2BE26F7000D27EBD /* FirebaseAnalyticsOnDeviceConversion in Frameworks */,
				7E22222C2BE26F7000D27EBD /* FirebaseAnalyticsSwift in Frameworks */,
				7E2222322BE26F7000D27EBD /* FirebaseAppDistribution-Beta in Frameworks */,
				7E2222362BE26F7000D27EBD /* FirebaseAuthCombine-Community in Frameworks */,
			);
			runOnlyForDeploymentPostprocessing = 0;
		};
/* End PBXFrameworksBuildPhase section */

/* Begin PBXGroup section */
		7E2222062BE2542100D27EBD /* App */ = {
			isa = PBXGroup;
			children = (
				7E2222072BE2543100D27EBD /* AppDelegate.swift */,
				7E4919ED2BE22FEB00829B61 /* AuthorizationTestApp.swift */,
				7E22221C2BE2677000D27EBD /* SignInApplication.swift */,
				7E22221B2BE2587F00D27EBD /* Info.plist */,
				7E3E9E7C2BE4BC38003BE33E /* Launch Screen.storyboard */,
			);
			path = App;
			sourceTree = "<group>";
		};
		7E2222202BE268C200D27EBD /* Protocols */ = {
			isa = PBXGroup;
			children = (
				7E2222212BE268CB00D27EBD /* RegistrationViewModelProtocol.swift */,
			);
			path = Protocols;
			sourceTree = "<group>";
		};
		7E2222232BE26AF900D27EBD /* Resources */ = {
			isa = PBXGroup;
			children = (
				7E22223F2BE27E6000D27EBD /* Localized */,
				7E4919F12BE22FED00829B61 /* Assets.xcassets */,
				7E2222242BE26B0200D27EBD /* UIConstants.swift */,
				7E2222492BE2A7B700D27EBD /* Resources.swift */,
			);
			path = Resources;
			sourceTree = "<group>";
		};
		7E22223F2BE27E6000D27EBD /* Localized */ = {
			isa = PBXGroup;
			children = (
				7E2222442BE27E7C00D27EBD /* Localizable.strings */,
				7E2222472BE27F3100D27EBD /* Strings+Generated.swift */,
			);
			path = Localized;
			sourceTree = "<group>";
		};
		7E3E9E372BE2B54A003BE33E /* Protocols */ = {
			isa = PBXGroup;
			children = (
				7E3E9E382BE2B54F003BE33E /* AuthorizationServiceProtocol.swift */,
			);
			path = Protocols;
			sourceTree = "<group>";
		};
		7E3E9E3A2BE36C67003BE33E /* Models */ = {
			isa = PBXGroup;
			children = (
				7E3E9E3B2BE36C71003BE33E /* UserDTO.swift */,
				7E4B1D6A2BE525C5005E5113 /* TextBox.swift */,
				7E4B1D772BE63B29005E5113 /* Errors.swift */,
			);
			path = Models;
			sourceTree = "<group>";
		};
		7E3E9E3D2BE37394003BE33E /* Authorization */ = {
			isa = PBXGroup;
			children = (
				7E3E9E512BE3A79A003BE33E /* Protocols */,
				7E3E9E3E2BE373AC003BE33E /* AuthorizationView.swift */,
				7E3E9E402BE373DB003BE33E /* AuthorizationViewModel.swift */,
			);
			path = Authorization;
			sourceTree = "<group>";
		};
		7E3E9E422BE37CB9003BE33E /* Modifiers */ = {
			isa = PBXGroup;
			children = (
				7E3E9E432BE37CCF003BE33E /* ClearButtonModifier.swift */,
			);
			path = Modifiers;
			sourceTree = "<group>";
		};
		7E3E9E452BE3824F003BE33E /* Router */ = {
			isa = PBXGroup;
			children = (
				7E3E9E462BE38258003BE33E /* MainRouter.swift */,
			);
			path = Router;
			sourceTree = "<group>";
		};
		7E3E9E482BE38D17003BE33E /* ImageEditor */ = {
			isa = PBXGroup;
			children = (
				7E3E9E612BE40C6D003BE33E /* Protocols */,
				7E3E9E682BE4183A003BE33E /* ImagePickerCoordinator */,
				7E3E9E652BE41703003BE33E /* Views */,
				7E3E9E492BE38D26003BE33E /* ImageEditorView.swift */,
				7E3E9E5F2BE3F33C003BE33E /* ImageEditorViewModel.swift */,
			);
			path = ImageEditor;
			sourceTree = "<group>";
		};
		7E3E9E512BE3A79A003BE33E /* Protocols */ = {
			isa = PBXGroup;
			children = (
				7E3E9E522BE3A7A5003BE33E /* AuthorizationViewModelProtocol.swift */,
			);
			path = Protocols;
			sourceTree = "<group>";
		};
		7E3E9E552BE3AD30003BE33E /* PasswordResetView */ = {
			isa = PBXGroup;
			children = (
				7E3E9E5A2BE3AE18003BE33E /* Protocols */,
				7E3E9E562BE3AD4F003BE33E /* PasswordResetView.swift */,
				7E3E9E582BE3AE06003BE33E /* PasswordResetViewModel.swift */,
			);
			path = PasswordResetView;
			sourceTree = "<group>";
		};
		7E3E9E5A2BE3AE18003BE33E /* Protocols */ = {
			isa = PBXGroup;
			children = (
				7E3E9E5D2BE3AE47003BE33E /* PasswordResetViewModelProtocol.swift */,
			);
			path = Protocols;
			sourceTree = "<group>";
		};
		7E3E9E612BE40C6D003BE33E /* Protocols */ = {
			isa = PBXGroup;
			children = (
				7E3E9E622BE40C7A003BE33E /* ImageEditorViewModelProtocol.swift */,
			);
			path = Protocols;
			sourceTree = "<group>";
		};
		7E3E9E652BE41703003BE33E /* Views */ = {
			isa = PBXGroup;
			children = (
				7E3E9E662BE41714003BE33E /* AccessCameraView.swift */,
				7E4B1D5F2BE4C9F0005E5113 /* ImageEditorToolbarGroupView.swift */,
				7E4B1D5D2BE4C6A6005E5113 /* ScrollableImageView.swift */,
			);
			path = Views;
			sourceTree = "<group>";
		};
		7E3E9E682BE4183A003BE33E /* ImagePickerCoordinator */ = {
			isa = PBXGroup;
			children = (
				7E3E9E692BE41847003BE33E /* ImagePickerCoordinator.swift */,
			);
			path = ImagePickerCoordinator;
			sourceTree = "<group>";
		};
		7E3E9E6C2BE42040003BE33E /* Storage */ = {
			isa = PBXGroup;
			children = (
				7E3E9E6D2BE42051003BE33E /* KeyChainStorage.swift */,
			);
			path = Storage;
			sourceTree = "<group>";
		};
		7E3E9E722BE4AD14003BE33E /* SplashScreen */ = {
			isa = PBXGroup;
			children = (
				7E3E9E772BE4AE9A003BE33E /* Protocol */,
				7E3E9E732BE4AD28003BE33E /* SplashScreenView.swift */,
				7E3E9E752BE4AE84003BE33E /* SplashScreenViewModel.swift */,
			);
			path = SplashScreen;
			sourceTree = "<group>";
		};
		7E3E9E772BE4AE9A003BE33E /* Protocol */ = {
			isa = PBXGroup;
			children = (
				7E3E9E782BE4AEA1003BE33E /* SplashScreenViewModelProtocol.swift */,
			);
			path = Protocol;
			sourceTree = "<group>";
		};
		7E4919E12BE22FEB00829B61 = {
			isa = PBXGroup;
			children = (
				7E4919EC2BE22FEB00829B61 /* AuthorizationTest */,
				7E4919EB2BE22FEB00829B61 /* Products */,
			);
			sourceTree = "<group>";
		};
		7E4919EB2BE22FEB00829B61 /* Products */ = {
			isa = PBXGroup;
			children = (
				7E4919EA2BE22FEB00829B61 /* AuthorizationTest.app */,
			);
			name = Products;
			sourceTree = "<group>";
		};
		7E4919EC2BE22FEB00829B61 /* AuthorizationTest */ = {
			isa = PBXGroup;
			children = (
				7E2222062BE2542100D27EBD /* App */,
				7E3E9E452BE3824F003BE33E /* Router */,
				7E491A0B2BE24F5E00829B61 /* Services */,
				7E3E9E3A2BE36C67003BE33E /* Models */,
				7E4919FB2BE22FFC00829B61 /* Scenes */,
				7E2222232BE26AF900D27EBD /* Resources */,
				7E491A002BE231E900829B61 /* Extensions */,
				7E3E9E422BE37CB9003BE33E /* Modifiers */,
				7E4919F32BE22FED00829B61 /* Preview Content */,
			);
			path = AuthorizationTest;
			sourceTree = "<group>";
		};
		7E4919F32BE22FED00829B61 /* Preview Content */ = {
			isa = PBXGroup;
			children = (
				7E4919F42BE22FED00829B61 /* Preview Assets.xcassets */,
			);
			path = "Preview Content";
			sourceTree = "<group>";
		};
		7E4919FB2BE22FFC00829B61 /* Scenes */ = {
			isa = PBXGroup;
			children = (
				7E491A082BE245BD00829B61 /* GlobalViews */,
				7E3E9E722BE4AD14003BE33E /* SplashScreen */,
				7E4919FC2BE2300000829B61 /* Registration */,
				7E3E9E3D2BE37394003BE33E /* Authorization */,
				7E3E9E552BE3AD30003BE33E /* PasswordResetView */,
				7E3E9E482BE38D17003BE33E /* ImageEditor */,
				7E4B1D622BE4F377005E5113 /* ImageDrawing */,
			);
			path = Scenes;
			sourceTree = "<group>";
		};
		7E4919FC2BE2300000829B61 /* Registration */ = {
			isa = PBXGroup;
			children = (
				7E2222202BE268C200D27EBD /* Protocols */,
				7E491A032BE234A400829B61 /* Views */,
				7E4919FD2BE2300E00829B61 /* RegistrationView.swift */,
				7E22221E2BE2688400D27EBD /* RegistrationViewModel.swift */,
			);
			path = Registration;
			sourceTree = "<group>";
		};
		7E491A002BE231E900829B61 /* Extensions */ = {
			isa = PBXGroup;
			children = (
				7E22224B2BE2A84500D27EBD /* Font + Extension.swift */,
				7E4B1D792BE6487E005E5113 /* UIImage + Extension.swift */,
			);
			path = Extensions;
			sourceTree = "<group>";
		};
		7E491A032BE234A400829B61 /* Views */ = {
			isa = PBXGroup;
			children = (
				7E22223D2BE2763E00D27EBD /* GoogleSignInButton.swift */,
			);
			path = Views;
			sourceTree = "<group>";
		};
		7E491A082BE245BD00829B61 /* GlobalViews */ = {
			isa = PBXGroup;
			children = (
				7E491A092BE245D200829B61 /* BaseButtonView.swift */,
				7E491A042BE234AF00829B61 /* InputTextField.swift */,
				7E491A062BE23EFA00829B61 /* ClueTextView.swift */,
				7E3E9E4F2BE39BD9003BE33E /* LoaderView.swift */,
			);
			path = GlobalViews;
			sourceTree = "<group>";
		};
		7E491A0B2BE24F5E00829B61 /* Services */ = {
			isa = PBXGroup;
			children = (
				7E491A0C2BE24F8900829B61 /* AuthorizationService */,
				7E3E9E6C2BE42040003BE33E /* Storage */,
			);
			path = Services;
			sourceTree = "<group>";
		};
		7E491A0C2BE24F8900829B61 /* AuthorizationService */ = {
			isa = PBXGroup;
			children = (
				7E3E9E372BE2B54A003BE33E /* Protocols */,
				7E3E9E352BE2B51C003BE33E /* AuthorizationService.swift */,
				7E22223B2BE2724C00D27EBD /* GoogleService-Info.plist */,
			);
			path = AuthorizationService;
			sourceTree = "<group>";
		};
		7E4B1D622BE4F377005E5113 /* ImageDrawing */ = {
			isa = PBXGroup;
			children = (
				7E4B1D6E2BE53D7E005E5113 /* Protocols */,
				7E4B1D652BE4F3DE005E5113 /* Views */,
				7E4B1D632BE4F395005E5113 /* ImageDrawingView.swift */,
				7E4B1D6C2BE53D51005E5113 /* ImageDrawingViewModel.swift */,
			);
			path = ImageDrawing;
			sourceTree = "<group>";
		};
		7E4B1D652BE4F3DE005E5113 /* Views */ = {
			isa = PBXGroup;
			children = (
				7E4B1D662BE4F3E6005E5113 /* DrawingViewRepresentable.swift */,
				7E4B1D682BE50E12005E5113 /* DrawingToolsView.swift */,
				7E4B1D712BE54376005E5113 /* TextAdditionalView.swift */,
				7E4B1D732BE6251C005E5113 /* TextBoxView.swift */,
				7E4B1D752BE62ADE005E5113 /* DrawingTextPanelView.swift */,
			);
			path = Views;
			sourceTree = "<group>";
		};
		7E4B1D6E2BE53D7E005E5113 /* Protocols */ = {
			isa = PBXGroup;
			children = (
				7E4B1D6F2BE53D88005E5113 /* ImageDrawingViewModelProtocol.swift */,
			);
			path = Protocols;
			sourceTree = "<group>";
		};
/* End PBXGroup section */

/* Begin PBXNativeTarget section */
		7E4919E92BE22FEB00829B61 /* AuthorizationTest */ = {
			isa = PBXNativeTarget;
			buildConfigurationList = 7E4919F82BE22FED00829B61 /* Build configuration list for PBXNativeTarget "AuthorizationTest" */;
			buildPhases = (
				7E4B1D612BE4EDC3005E5113 /* SwiftGen */,
				7E4919E62BE22FEB00829B61 /* Sources */,
				7E4919E72BE22FEB00829B61 /* Frameworks */,
				7E4919E82BE22FEB00829B61 /* Resources */,
			);
			buildRules = (
			);
			dependencies = (
			);
			name = AuthorizationTest;
			packageProductDependencies = (
				7E2222152BE255E800D27EBD /* GoogleSignIn */,
				7E2222172BE255E800D27EBD /* GoogleSignInSwift */,
				7E2222272BE26F7000D27EBD /* FirebaseAnalytics */,
				7E2222292BE26F7000D27EBD /* FirebaseAnalyticsOnDeviceConversion */,
				7E22222B2BE26F7000D27EBD /* FirebaseAnalyticsSwift */,
				7E22222D2BE26F7000D27EBD /* FirebaseAnalyticsWithoutAdIdSupport */,
				7E22222F2BE26F7000D27EBD /* FirebaseAppCheck */,
				7E2222312BE26F7000D27EBD /* FirebaseAppDistribution-Beta */,
				7E2222332BE26F7000D27EBD /* FirebaseAuth */,
				7E2222352BE26F7000D27EBD /* FirebaseAuthCombine-Community */,
				7E2222372BE26F7000D27EBD /* FirebaseCrashlytics */,
				7E2222392BE26F7000D27EBD /* FirebaseDatabase */,
				7E3E9E702BE4208F003BE33E /* KeychainAccess */,
			);
			productName = AuthorizationTest;
			productReference = 7E4919EA2BE22FEB00829B61 /* AuthorizationTest.app */;
			productType = "com.apple.product-type.application";
		};
/* End PBXNativeTarget section */

/* Begin PBXProject section */
		7E4919E22BE22FEB00829B61 /* Project object */ = {
			isa = PBXProject;
			attributes = {
				BuildIndependentTargetsInParallel = 1;
				LastSwiftUpdateCheck = 1520;
				LastUpgradeCheck = 1520;
				TargetAttributes = {
					7E4919E92BE22FEB00829B61 = {
						CreatedOnToolsVersion = 15.2;
					};
				};
			};
			buildConfigurationList = 7E4919E52BE22FEB00829B61 /* Build configuration list for PBXProject "AuthorizationTest" */;
			compatibilityVersion = "Xcode 14.0";
			developmentRegion = ru;
			hasScannedForEncodings = 0;
			knownRegions = (
				en,
				ru,
			);
			mainGroup = 7E4919E12BE22FEB00829B61;
			packageReferences = (
				7E2222142BE255E800D27EBD /* XCRemoteSwiftPackageReference "GoogleSignIn-iOS" */,
				7E2222262BE26F7000D27EBD /* XCRemoteSwiftPackageReference "firebase-ios-sdk" */,
				7E3E9E6F2BE4208F003BE33E /* XCRemoteSwiftPackageReference "KeychainAccess" */,
			);
			productRefGroup = 7E4919EB2BE22FEB00829B61 /* Products */;
			projectDirPath = "";
			projectRoot = "";
			targets = (
				7E4919E92BE22FEB00829B61 /* AuthorizationTest */,
			);
		};
/* End PBXProject section */

/* Begin PBXResourcesBuildPhase section */
		7E4919E82BE22FEB00829B61 /* Resources */ = {
			isa = PBXResourcesBuildPhase;
			buildActionMask = 2147483647;
			files = (
				7E3E9E7D2BE4BC38003BE33E /* Launch Screen.storyboard in Resources */,
				7E4919F52BE22FED00829B61 /* Preview Assets.xcassets in Resources */,
				7E2222422BE27E7C00D27EBD /* Localizable.strings in Resources */,
				7E4919F22BE22FED00829B61 /* Assets.xcassets in Resources */,
				7E22223C2BE2724C00D27EBD /* GoogleService-Info.plist in Resources */,
			);
			runOnlyForDeploymentPostprocessing = 0;
		};
/* End PBXResourcesBuildPhase section */

/* Begin PBXShellScriptBuildPhase section */
		7E4B1D612BE4EDC3005E5113 /* SwiftGen */ = {
			isa = PBXShellScriptBuildPhase;
			alwaysOutOfDate = 1;
			buildActionMask = 2147483647;
			files = (
			);
			inputFileListPaths = (
			);
			inputPaths = (
			);
			name = SwiftGen;
			outputFileListPaths = (
			);
			outputPaths = (
			);
			runOnlyForDeploymentPostprocessing = 0;
			shellPath = /bin/sh;
			shellScript = "export PATH=\"$PATH:/opt/homebrew/bin\"\n\nif which swiftgen; then\n    swiftgen\nelse\n  echo \"warning: SwiftGen is not installed\"\nfi\n";
		};
/* End PBXShellScriptBuildPhase section */

/* Begin PBXSourcesBuildPhase section */
		7E4919E62BE22FEB00829B61 /* Sources */ = {
			isa = PBXSourcesBuildPhase;
			buildActionMask = 2147483647;
			files = (
				7E3E9E412BE373DB003BE33E /* AuthorizationViewModel.swift in Sources */,
				7E491A072BE23EFA00829B61 /* ClueTextView.swift in Sources */,
				7E3E9E502BE39BD9003BE33E /* LoaderView.swift in Sources */,
				7E4B1D672BE4F3E6005E5113 /* DrawingViewRepresentable.swift in Sources */,
				7E22221F2BE2688400D27EBD /* RegistrationViewModel.swift in Sources */,
				7E4B1D6B2BE525C5005E5113 /* TextBox.swift in Sources */,
				7E491A052BE234AF00829B61 /* InputTextField.swift in Sources */,
				7E3E9E632BE40C7A003BE33E /* ImageEditorViewModelProtocol.swift in Sources */,
				7E4B1D742BE6251C005E5113 /* TextBoxView.swift in Sources */,
				7E4B1D782BE63B29005E5113 /* Errors.swift in Sources */,
				7E3E9E792BE4AEA1003BE33E /* SplashScreenViewModelProtocol.swift in Sources */,
				7E4919EE2BE22FEB00829B61 /* AuthorizationTestApp.swift in Sources */,
				7E3E9E532BE3A7A5003BE33E /* AuthorizationViewModelProtocol.swift in Sources */,
				7E3E9E602BE3F33C003BE33E /* ImageEditorViewModel.swift in Sources */,
				7E3E9E762BE4AE84003BE33E /* SplashScreenViewModel.swift in Sources */,
				7E3E9E592BE3AE06003BE33E /* PasswordResetViewModel.swift in Sources */,
				7E3E9E3C2BE36C71003BE33E /* UserDTO.swift in Sources */,
				7E3E9E442BE37CCF003BE33E /* ClearButtonModifier.swift in Sources */,
				7E3E9E6A2BE41847003BE33E /* ImagePickerCoordinator.swift in Sources */,
				7E4B1D6D2BE53D51005E5113 /* ImageDrawingViewModel.swift in Sources */,
				7E22223E2BE2763E00D27EBD /* GoogleSignInButton.swift in Sources */,
				7E3E9E472BE38258003BE33E /* MainRouter.swift in Sources */,
				7E3E9E392BE2B54F003BE33E /* AuthorizationServiceProtocol.swift in Sources */,
				7E491A0A2BE245D200829B61 /* BaseButtonView.swift in Sources */,
				7E3E9E6E2BE42051003BE33E /* KeyChainStorage.swift in Sources */,
				7E4B1D5E2BE4C6A6005E5113 /* ScrollableImageView.swift in Sources */,
				7E4B1D602BE4C9F0005E5113 /* ImageEditorToolbarGroupView.swift in Sources */,
				7E3E9E3F2BE373AC003BE33E /* AuthorizationView.swift in Sources */,
				7E3E9E362BE2B51C003BE33E /* AuthorizationService.swift in Sources */,
				7E4B1D7A2BE6487E005E5113 /* UIImage + Extension.swift in Sources */,
				7E3E9E5E2BE3AE47003BE33E /* PasswordResetViewModelProtocol.swift in Sources */,
				7E4B1D642BE4F395005E5113 /* ImageDrawingView.swift in Sources */,
				7E2222082BE2543100D27EBD /* AppDelegate.swift in Sources */,
				7E4919FE2BE2300E00829B61 /* RegistrationView.swift in Sources */,
				7E3E9E672BE41714003BE33E /* AccessCameraView.swift in Sources */,
				7E4B1D762BE62ADE005E5113 /* DrawingTextPanelView.swift in Sources */,
				7E4B1D722BE54376005E5113 /* TextAdditionalView.swift in Sources */,
				7E3E9E4A2BE38D26003BE33E /* ImageEditorView.swift in Sources */,
				7E2222222BE268CB00D27EBD /* RegistrationViewModelProtocol.swift in Sources */,
				7E4B1D702BE53D88005E5113 /* ImageDrawingViewModelProtocol.swift in Sources */,
				7E3E9E742BE4AD28003BE33E /* SplashScreenView.swift in Sources */,
				7E4B1D692BE50E12005E5113 /* DrawingToolsView.swift in Sources */,
				7E22224A2BE2A7B700D27EBD /* Resources.swift in Sources */,
				7E2222252BE26B0200D27EBD /* UIConstants.swift in Sources */,
				7E3E9E572BE3AD4F003BE33E /* PasswordResetView.swift in Sources */,
				7E2222482BE27F3100D27EBD /* Strings+Generated.swift in Sources */,
				7E22221D2BE2677000D27EBD /* SignInApplication.swift in Sources */,
				7E22224C2BE2A84500D27EBD /* Font + Extension.swift in Sources */,
			);
			runOnlyForDeploymentPostprocessing = 0;
		};
/* End PBXSourcesBuildPhase section */

/* Begin PBXVariantGroup section */
		7E2222442BE27E7C00D27EBD /* Localizable.strings */ = {
			isa = PBXVariantGroup;
			children = (
				7E2222432BE27E7C00D27EBD /* ru */,
				7E2222452BE27E7E00D27EBD /* en */,
			);
			name = Localizable.strings;
			sourceTree = "<group>";
		};
/* End PBXVariantGroup section */

/* Begin XCBuildConfiguration section */
		7E4919F62BE22FED00829B61 /* Debug */ = {
			isa = XCBuildConfiguration;
			buildSettings = {
				ALWAYS_SEARCH_USER_PATHS = NO;
				ASSETCATALOG_COMPILER_GENERATE_SWIFT_ASSET_SYMBOL_EXTENSIONS = YES;
				CLANG_ANALYZER_NONNULL = YES;
				CLANG_ANALYZER_NUMBER_OBJECT_CONVERSION = YES_AGGRESSIVE;
				CLANG_CXX_LANGUAGE_STANDARD = "gnu++20";
				CLANG_ENABLE_MODULES = YES;
				CLANG_ENABLE_OBJC_ARC = YES;
				CLANG_ENABLE_OBJC_WEAK = YES;
				CLANG_WARN_BLOCK_CAPTURE_AUTORELEASING = YES;
				CLANG_WARN_BOOL_CONVERSION = YES;
				CLANG_WARN_COMMA = YES;
				CLANG_WARN_CONSTANT_CONVERSION = YES;
				CLANG_WARN_DEPRECATED_OBJC_IMPLEMENTATIONS = YES;
				CLANG_WARN_DIRECT_OBJC_ISA_USAGE = YES_ERROR;
				CLANG_WARN_DOCUMENTATION_COMMENTS = YES;
				CLANG_WARN_EMPTY_BODY = YES;
				CLANG_WARN_ENUM_CONVERSION = YES;
				CLANG_WARN_INFINITE_RECURSION = YES;
				CLANG_WARN_INT_CONVERSION = YES;
				CLANG_WARN_NON_LITERAL_NULL_CONVERSION = YES;
				CLANG_WARN_OBJC_IMPLICIT_RETAIN_SELF = YES;
				CLANG_WARN_OBJC_LITERAL_CONVERSION = YES;
				CLANG_WARN_OBJC_ROOT_CLASS = YES_ERROR;
				CLANG_WARN_QUOTED_INCLUDE_IN_FRAMEWORK_HEADER = YES;
				CLANG_WARN_RANGE_LOOP_ANALYSIS = YES;
				CLANG_WARN_STRICT_PROTOTYPES = YES;
				CLANG_WARN_SUSPICIOUS_MOVE = YES;
				CLANG_WARN_UNGUARDED_AVAILABILITY = YES_AGGRESSIVE;
				CLANG_WARN_UNREACHABLE_CODE = YES;
				CLANG_WARN__DUPLICATE_METHOD_MATCH = YES;
				COPY_PHASE_STRIP = NO;
				DEBUG_INFORMATION_FORMAT = dwarf;
				ENABLE_APP_SANDBOX = NO;
				ENABLE_STRICT_OBJC_MSGSEND = YES;
				ENABLE_TESTABILITY = NO;
				ENABLE_USER_SCRIPT_SANDBOXING = NO;
				ENABLE_USER_SELECTED_FILES = "";
				GCC_C_LANGUAGE_STANDARD = gnu17;
				GCC_DYNAMIC_NO_PIC = NO;
				GCC_NO_COMMON_BLOCKS = YES;
				GCC_OPTIMIZATION_LEVEL = 0;
				GCC_PREPROCESSOR_DEFINITIONS = (
					"DEBUG=1",
					"$(inherited)",
				);
				GCC_WARN_64_TO_32_BIT_CONVERSION = YES;
				GCC_WARN_ABOUT_RETURN_TYPE = YES_ERROR;
				GCC_WARN_UNDECLARED_SELECTOR = YES;
				GCC_WARN_UNINITIALIZED_AUTOS = YES_AGGRESSIVE;
				GCC_WARN_UNUSED_FUNCTION = YES;
				GCC_WARN_UNUSED_VARIABLE = YES;
				IPHONEOS_DEPLOYMENT_TARGET = 16.0;
				LOCALIZATION_PREFERS_STRING_CATALOGS = YES;
				MTL_ENABLE_DEBUG_INFO = INCLUDE_SOURCE;
				MTL_FAST_MATH = YES;
				ONLY_ACTIVE_ARCH = YES;
				SDKROOT = iphoneos;
				SWIFT_ACTIVE_COMPILATION_CONDITIONS = "DEBUG $(inherited)";
				SWIFT_OPTIMIZATION_LEVEL = "-Onone";
			};
			name = Debug;
		};
		7E4919F72BE22FED00829B61 /* Release */ = {
			isa = XCBuildConfiguration;
			buildSettings = {
				ALWAYS_SEARCH_USER_PATHS = NO;
				ASSETCATALOG_COMPILER_GENERATE_SWIFT_ASSET_SYMBOL_EXTENSIONS = YES;
				CLANG_ANALYZER_NONNULL = YES;
				CLANG_ANALYZER_NUMBER_OBJECT_CONVERSION = YES_AGGRESSIVE;
				CLANG_CXX_LANGUAGE_STANDARD = "gnu++20";
				CLANG_ENABLE_MODULES = YES;
				CLANG_ENABLE_OBJC_ARC = YES;
				CLANG_ENABLE_OBJC_WEAK = YES;
				CLANG_WARN_BLOCK_CAPTURE_AUTORELEASING = YES;
				CLANG_WARN_BOOL_CONVERSION = YES;
				CLANG_WARN_COMMA = YES;
				CLANG_WARN_CONSTANT_CONVERSION = YES;
				CLANG_WARN_DEPRECATED_OBJC_IMPLEMENTATIONS = YES;
				CLANG_WARN_DIRECT_OBJC_ISA_USAGE = YES_ERROR;
				CLANG_WARN_DOCUMENTATION_COMMENTS = YES;
				CLANG_WARN_EMPTY_BODY = YES;
				CLANG_WARN_ENUM_CONVERSION = YES;
				CLANG_WARN_INFINITE_RECURSION = YES;
				CLANG_WARN_INT_CONVERSION = YES;
				CLANG_WARN_NON_LITERAL_NULL_CONVERSION = YES;
				CLANG_WARN_OBJC_IMPLICIT_RETAIN_SELF = YES;
				CLANG_WARN_OBJC_LITERAL_CONVERSION = YES;
				CLANG_WARN_OBJC_ROOT_CLASS = YES_ERROR;
				CLANG_WARN_QUOTED_INCLUDE_IN_FRAMEWORK_HEADER = YES;
				CLANG_WARN_RANGE_LOOP_ANALYSIS = YES;
				CLANG_WARN_STRICT_PROTOTYPES = YES;
				CLANG_WARN_SUSPICIOUS_MOVE = YES;
				CLANG_WARN_UNGUARDED_AVAILABILITY = YES_AGGRESSIVE;
				CLANG_WARN_UNREACHABLE_CODE = YES;
				CLANG_WARN__DUPLICATE_METHOD_MATCH = YES;
				COPY_PHASE_STRIP = NO;
				DEBUG_INFORMATION_FORMAT = "dwarf-with-dsym";
				ENABLE_APP_SANDBOX = NO;
				ENABLE_NS_ASSERTIONS = NO;
				ENABLE_STRICT_OBJC_MSGSEND = YES;
				ENABLE_USER_SCRIPT_SANDBOXING = NO;
				ENABLE_USER_SELECTED_FILES = "";
				GCC_C_LANGUAGE_STANDARD = gnu17;
				GCC_NO_COMMON_BLOCKS = YES;
				GCC_WARN_64_TO_32_BIT_CONVERSION = YES;
				GCC_WARN_ABOUT_RETURN_TYPE = YES_ERROR;
				GCC_WARN_UNDECLARED_SELECTOR = YES;
				GCC_WARN_UNINITIALIZED_AUTOS = YES_AGGRESSIVE;
				GCC_WARN_UNUSED_FUNCTION = YES;
				GCC_WARN_UNUSED_VARIABLE = YES;
				IPHONEOS_DEPLOYMENT_TARGET = 16.0;
				LOCALIZATION_PREFERS_STRING_CATALOGS = YES;
				MTL_ENABLE_DEBUG_INFO = NO;
				MTL_FAST_MATH = YES;
				SDKROOT = iphoneos;
				SWIFT_COMPILATION_MODE = wholemodule;
				VALIDATE_PRODUCT = YES;
			};
			name = Release;
		};
		7E4919F92BE22FED00829B61 /* Debug */ = {
			isa = XCBuildConfiguration;
			buildSettings = {
				ASSETCATALOG_COMPILER_APPICON_NAME = AppIcon;
				ASSETCATALOG_COMPILER_GLOBAL_ACCENT_COLOR_NAME = AccentColor;
				CODE_SIGN_STYLE = Automatic;
				CURRENT_PROJECT_VERSION = 1;
				DEVELOPMENT_ASSET_PATHS = "\"AuthorizationTest/Preview Content\"";
				DEVELOPMENT_TEAM = V7HYWRF575;
				ENABLE_PREVIEWS = YES;
				GENERATE_INFOPLIST_FILE = YES;
				INFOPLIST_FILE = AuthorizationTest/App/Info.plist;
				INFOPLIST_KEY_LSApplicationCategoryType = "";
				INFOPLIST_KEY_NSCameraUsageDescription = "This apps needs camera to fatch photo";
				INFOPLIST_KEY_NSPhotoLibraryAddUsageDescription = "Our application needs permission to write photos";
				INFOPLIST_KEY_UIApplicationSceneManifest_Generation = YES;
				INFOPLIST_KEY_UIApplicationSupportsIndirectInputEvents = YES;
				INFOPLIST_KEY_UILaunchStoryboardName = "Launch Screen.storyboard";
				INFOPLIST_KEY_UISupportedInterfaceOrientations_iPad = "UIInterfaceOrientationPortrait UIInterfaceOrientationPortraitUpsideDown UIInterfaceOrientationLandscapeLeft UIInterfaceOrientationLandscapeRight";
				INFOPLIST_KEY_UISupportedInterfaceOrientations_iPhone = "UIInterfaceOrientationPortrait UIInterfaceOrientationLandscapeLeft UIInterfaceOrientationLandscapeRight";
				LD_RUNPATH_SEARCH_PATHS = (
					"$(inherited)",
					"@executable_path/Frameworks",
				);
				MARKETING_VERSION = 1.0;
				PRODUCT_BUNDLE_IDENTIFIER = com.gmail.esplusnin.AuthorizationTest;
				PRODUCT_NAME = "$(TARGET_NAME)";
				SUPPORTED_PLATFORMS = "iphoneos iphonesimulator";
				SUPPORTS_MACCATALYST = NO;
				SUPPORTS_MAC_DESIGNED_FOR_IPHONE_IPAD = NO;
				SUPPORTS_XR_DESIGNED_FOR_IPHONE_IPAD = NO;
				SWIFT_EMIT_LOC_STRINGS = YES;
				SWIFT_VERSION = 5.0;
				TARGETED_DEVICE_FAMILY = 1;
			};
			name = Debug;
		};
		7E4919FA2BE22FED00829B61 /* Release */ = {
			isa = XCBuildConfiguration;
			buildSettings = {
				ASSETCATALOG_COMPILER_APPICON_NAME = AppIcon;
				ASSETCATALOG_COMPILER_GLOBAL_ACCENT_COLOR_NAME = AccentColor;
				CODE_SIGN_STYLE = Automatic;
				CURRENT_PROJECT_VERSION = 1;
				DEVELOPMENT_ASSET_PATHS = "\"AuthorizationTest/Preview Content\"";
				DEVELOPMENT_TEAM = V7HYWRF575;
				ENABLE_PREVIEWS = YES;
				GENERATE_INFOPLIST_FILE = YES;
				INFOPLIST_FILE = AuthorizationTest/App/Info.plist;
				INFOPLIST_KEY_LSApplicationCategoryType = "";
				INFOPLIST_KEY_NSCameraUsageDescription = "This apps needs camera to fatch photo";
				INFOPLIST_KEY_NSPhotoLibraryAddUsageDescription = "Our application needs permission to write photos";
				INFOPLIST_KEY_UIApplicationSceneManifest_Generation = YES;
				INFOPLIST_KEY_UIApplicationSupportsIndirectInputEvents = YES;
				INFOPLIST_KEY_UILaunchStoryboardName = "Launch Screen.storyboard";
				INFOPLIST_KEY_UISupportedInterfaceOrientations_iPad = "UIInterfaceOrientationPortrait UIInterfaceOrientationPortraitUpsideDown UIInterfaceOrientationLandscapeLeft UIInterfaceOrientationLandscapeRight";
				INFOPLIST_KEY_UISupportedInterfaceOrientations_iPhone = "UIInterfaceOrientationPortrait UIInterfaceOrientationLandscapeLeft UIInterfaceOrientationLandscapeRight";
				LD_RUNPATH_SEARCH_PATHS = (
					"$(inherited)",
					"@executable_path/Frameworks",
				);
				MARKETING_VERSION = 1.0;
				PRODUCT_BUNDLE_IDENTIFIER = com.gmail.esplusnin.AuthorizationTest;
				PRODUCT_NAME = "$(TARGET_NAME)";
				SUPPORTED_PLATFORMS = "iphoneos iphonesimulator";
				SUPPORTS_MACCATALYST = NO;
				SUPPORTS_MAC_DESIGNED_FOR_IPHONE_IPAD = NO;
				SUPPORTS_XR_DESIGNED_FOR_IPHONE_IPAD = NO;
				SWIFT_EMIT_LOC_STRINGS = YES;
				SWIFT_VERSION = 5.0;
				TARGETED_DEVICE_FAMILY = 1;
			};
			name = Release;
		};
/* End XCBuildConfiguration section */

/* Begin XCConfigurationList section */
		7E4919E52BE22FEB00829B61 /* Build configuration list for PBXProject "AuthorizationTest" */ = {
			isa = XCConfigurationList;
			buildConfigurations = (
				7E4919F62BE22FED00829B61 /* Debug */,
				7E4919F72BE22FED00829B61 /* Release */,
			);
			defaultConfigurationIsVisible = 0;
			defaultConfigurationName = Release;
		};
		7E4919F82BE22FED00829B61 /* Build configuration list for PBXNativeTarget "AuthorizationTest" */ = {
			isa = XCConfigurationList;
			buildConfigurations = (
				7E4919F92BE22FED00829B61 /* Debug */,
				7E4919FA2BE22FED00829B61 /* Release */,
			);
			defaultConfigurationIsVisible = 0;
			defaultConfigurationName = Release;
		};
/* End XCConfigurationList section */

/* Begin XCRemoteSwiftPackageReference section */
		7E2222142BE255E800D27EBD /* XCRemoteSwiftPackageReference "GoogleSignIn-iOS" */ = {
			isa = XCRemoteSwiftPackageReference;
			repositoryURL = "https://github.com/google/GoogleSignIn-iOS";
			requirement = {
				kind = upToNextMajorVersion;
				minimumVersion = 7.1.0;
			};
		};
		7E2222262BE26F7000D27EBD /* XCRemoteSwiftPackageReference "firebase-ios-sdk" */ = {
			isa = XCRemoteSwiftPackageReference;
			repositoryURL = "https://github.com/firebase/firebase-ios-sdk.git";
			requirement = {
				kind = upToNextMajorVersion;
				minimumVersion = 10.25.0;
			};
		};
		7E3E9E6F2BE4208F003BE33E /* XCRemoteSwiftPackageReference "KeychainAccess" */ = {
			isa = XCRemoteSwiftPackageReference;
			repositoryURL = "https://github.com/kishikawakatsumi/KeychainAccess";
			requirement = {
				branch = master;
				kind = branch;
			};
		};
/* End XCRemoteSwiftPackageReference section */

/* Begin XCSwiftPackageProductDependency section */
		7E2222152BE255E800D27EBD /* GoogleSignIn */ = {
			isa = XCSwiftPackageProductDependency;
			package = 7E2222142BE255E800D27EBD /* XCRemoteSwiftPackageReference "GoogleSignIn-iOS" */;
			productName = GoogleSignIn;
		};
		7E2222172BE255E800D27EBD /* GoogleSignInSwift */ = {
			isa = XCSwiftPackageProductDependency;
			package = 7E2222142BE255E800D27EBD /* XCRemoteSwiftPackageReference "GoogleSignIn-iOS" */;
			productName = GoogleSignInSwift;
		};
		7E2222272BE26F7000D27EBD /* FirebaseAnalytics */ = {
			isa = XCSwiftPackageProductDependency;
			package = 7E2222262BE26F7000D27EBD /* XCRemoteSwiftPackageReference "firebase-ios-sdk" */;
			productName = FirebaseAnalytics;
		};
		7E2222292BE26F7000D27EBD /* FirebaseAnalyticsOnDeviceConversion */ = {
			isa = XCSwiftPackageProductDependency;
			package = 7E2222262BE26F7000D27EBD /* XCRemoteSwiftPackageReference "firebase-ios-sdk" */;
			productName = FirebaseAnalyticsOnDeviceConversion;
		};
		7E22222B2BE26F7000D27EBD /* FirebaseAnalyticsSwift */ = {
			isa = XCSwiftPackageProductDependency;
			package = 7E2222262BE26F7000D27EBD /* XCRemoteSwiftPackageReference "firebase-ios-sdk" */;
			productName = FirebaseAnalyticsSwift;
		};
		7E22222D2BE26F7000D27EBD /* FirebaseAnalyticsWithoutAdIdSupport */ = {
			isa = XCSwiftPackageProductDependency;
			package = 7E2222262BE26F7000D27EBD /* XCRemoteSwiftPackageReference "firebase-ios-sdk" */;
			productName = FirebaseAnalyticsWithoutAdIdSupport;
		};
		7E22222F2BE26F7000D27EBD /* FirebaseAppCheck */ = {
			isa = XCSwiftPackageProductDependency;
			package = 7E2222262BE26F7000D27EBD /* XCRemoteSwiftPackageReference "firebase-ios-sdk" */;
			productName = FirebaseAppCheck;
		};
		7E2222312BE26F7000D27EBD /* FirebaseAppDistribution-Beta */ = {
			isa = XCSwiftPackageProductDependency;
			package = 7E2222262BE26F7000D27EBD /* XCRemoteSwiftPackageReference "firebase-ios-sdk" */;
			productName = "FirebaseAppDistribution-Beta";
		};
		7E2222332BE26F7000D27EBD /* FirebaseAuth */ = {
			isa = XCSwiftPackageProductDependency;
			package = 7E2222262BE26F7000D27EBD /* XCRemoteSwiftPackageReference "firebase-ios-sdk" */;
			productName = FirebaseAuth;
		};
		7E2222352BE26F7000D27EBD /* FirebaseAuthCombine-Community */ = {
			isa = XCSwiftPackageProductDependency;
			package = 7E2222262BE26F7000D27EBD /* XCRemoteSwiftPackageReference "firebase-ios-sdk" */;
			productName = "FirebaseAuthCombine-Community";
		};
		7E2222372BE26F7000D27EBD /* FirebaseCrashlytics */ = {
			isa = XCSwiftPackageProductDependency;
			package = 7E2222262BE26F7000D27EBD /* XCRemoteSwiftPackageReference "firebase-ios-sdk" */;
			productName = FirebaseCrashlytics;
		};
		7E2222392BE26F7000D27EBD /* FirebaseDatabase */ = {
			isa = XCSwiftPackageProductDependency;
			package = 7E2222262BE26F7000D27EBD /* XCRemoteSwiftPackageReference "firebase-ios-sdk" */;
			productName = FirebaseDatabase;
		};
		7E3E9E702BE4208F003BE33E /* KeychainAccess */ = {
			isa = XCSwiftPackageProductDependency;
			package = 7E3E9E6F2BE4208F003BE33E /* XCRemoteSwiftPackageReference "KeychainAccess" */;
			productName = KeychainAccess;
		};
/* End XCSwiftPackageProductDependency section */
	};
	rootObject = 7E4919E22BE22FEB00829B61 /* Project object */;
}
